
Microsoft Visual Studio Solution File, Format Version 12.00
# Visual Studio 14
VisualStudioVersion = 14.0.25420.1
MinimumVisualStudioVersion = 10.0.40219.1
Project("{FAE04EC0-301F-11D3-BF4B-00C04F79EFBC}") = "AbstractFactory", "AbstractFactory\AbstractFactory.csproj", "{FEF4F73F-584B-4306-B16A-87CC14CC16B9}"
EndProject
Global
	GlobalSection(SolutionConfigurationPlatforms) = preSolution
		Debug|Any CPU = Debug|Any CPU
		Release|Any CPU = Release|Any CPU
	EndGlobalSection
	GlobalSection(ProjectConfigurationPlatforms) = postSolution
		{FEF4F73F-584B-4306-B16A-87CC14CC16B9}.Debug|Any CPU.ActiveCfg = Debug|Any CPU
		{FEF4F73F-584B-4306-B16A-87CC14CC16B9}.Debug|Any CPU.Build.0 = Debug|Any CPU
		{FEF4F73F-584B-4306-B16A-87CC14CC16B9}.Release|Any CPU.ActiveCfg = Release|Any CPU
		{FEF4F73F-584B-4306-B16A-87CC14CC16B9}.Release|Any CPU.Build.0 = Release|Any CPU
	EndGlobalSection
	GlobalSection(SolutionProperties) = preSolution
		HideSolutionNode = FALSE
	EndGlobalSection
EndGlobal
