
Microsoft Visual Studio Solution File, Format Version 12.00
# Visual Studio 14
VisualStudioVersion = 14.0.25420.1
MinimumVisualStudioVersion = 10.0.40219.1
Project("{FAE04EC0-301F-11D3-BF4B-00C04F79EFBC}") = "Adapter", "Adapter\Adapter.csproj", "{8662A645-C1E8-43AE-AE3A-288D4315160C}"
EndProject
Project("{FAE04EC0-301F-11D3-BF4B-00C04F79EFBC}") = "AdapterDouble", "AdapterDouble\AdapterDouble.csproj", "{F11CCFC2-DA0A-4065-891A-0901AC827A65}"
EndProject
Global
	GlobalSection(SolutionConfigurationPlatforms) = preSolution
		Debug|Any CPU = Debug|Any CPU
		Release|Any CPU = Release|Any CPU
	EndGlobalSection
	GlobalSection(ProjectConfigurationPlatforms) = postSolution
		{8662A645-C1E8-43AE-AE3A-288D4315160C}.Debug|Any CPU.ActiveCfg = Debug|Any CPU
		{8662A645-C1E8-43AE-AE3A-288D4315160C}.Debug|Any CPU.Build.0 = Debug|Any CPU
		{8662A645-C1E8-43AE-AE3A-288D4315160C}.Release|Any CPU.ActiveCfg = Release|Any CPU
		{8662A645-C1E8-43AE-AE3A-288D4315160C}.Release|Any CPU.Build.0 = Release|Any CPU
		{F11CCFC2-DA0A-4065-891A-0901AC827A65}.Debug|Any CPU.ActiveCfg = Debug|Any CPU
		{F11CCFC2-DA0A-4065-891A-0901AC827A65}.Debug|Any CPU.Build.0 = Debug|Any CPU
		{F11CCFC2-DA0A-4065-891A-0901AC827A65}.Release|Any CPU.ActiveCfg = Release|Any CPU
		{F11CCFC2-DA0A-4065-891A-0901AC827A65}.Release|Any CPU.Build.0 = Release|Any CPU
	EndGlobalSection
	GlobalSection(SolutionProperties) = preSolution
		HideSolutionNode = FALSE
	EndGlobalSection
EndGlobal
